
Microsoft Visual Studio Solution File, Format Version 12.00
# Visual Studio Version 17
VisualStudioVersion = 17.5.002.0
MinimumVisualStudioVersion = 10.0.40219.1
Project("{9A19103F-16F7-4668-BE54-9A1E7A4F7556}") = "AdventOfCode2024", "AdventOfCode2024.csproj", "{CD8B913B-CE2B-48D7-B438-C150999BDB64}"
EndProject
Global
	GlobalSection(SolutionConfigurationPlatforms) = preSolution
		Debug|Any CPU = Debug|Any CPU
		Release|Any CPU = Release|Any CPU
	EndGlobalSection
	GlobalSection(ProjectConfigurationPlatforms) = postSolution
		{CD8B913B-CE2B-48D7-B438-C150999BDB64}.Debug|Any CPU.ActiveCfg = Debug|Any CPU
		{CD8B913B-CE2B-48D7-B438-C150999BDB64}.Debug|Any CPU.Build.0 = Debug|Any CPU
		{CD8B913B-CE2B-48D7-B438-C150999BDB64}.Release|Any CPU.ActiveCfg = Release|Any CPU
		{CD8B913B-CE2B-48D7-B438-C150999BDB64}.Release|Any CPU.Build.0 = Release|Any CPU
	EndGlobalSection
	GlobalSection(SolutionProperties) = preSolution
		HideSolutionNode = FALSE
	EndGlobalSection
	GlobalSection(ExtensibilityGlobals) = postSolution
		SolutionGuid = {3B35DB2B-130D-4306-B83B-3748A54EB909}
	EndGlobalSection
EndGlobal
